
Microsoft Visual Studio Solution File, Format Version 12.00
# Visual Studio Version 17
VisualStudioVersion = 17.12.35527.113 d17.12
MinimumVisualStudioVersion = 10.0.40219.1
Project("{FAE04EC0-301F-11D3-BF4B-00C04F79EFBC}") = "Producer.API", "Producer.API\Producer.API.csproj", "{C96F9FDA-E756-441B-8D95-EF407813A9F8}"
EndProject
Project("{FAE04EC0-301F-11D3-BF4B-00C04F79EFBC}") = "Consumer.Worker", "Consumer.Worker\Consumer.Worker.csproj", "{1724135E-7134-4218-8440-E2FA4AA57C92}"
EndProject
Project("{FAE04EC0-301F-11D3-BF4B-00C04F79EFBC}") = "Shared.Messages", "Shared.Messages\Shared.Messages.csproj", "{C2655024-4C8D-4DDB-8BFA-62E1B6A061A4}"
EndProject
Project("{2150E333-8FDC-42A3-9474-1A3956D46DE8}") = "Libraries", "Libraries", "{2829C951-B6B8-4847-A29F-BF20CA36E44B}"
EndProject
Project("{FAE04EC0-301F-11D3-BF4B-00C04F79EFBC}") = "Infrastructure.Messaging", "Infrastructure.Messaging\Infrastructure.Messaging.csproj", "{F9428744-30EB-4BAA-BA6E-F0DAD8B12DC5}"
EndProject
Global
	GlobalSection(SolutionConfigurationPlatforms) = preSolution
		Debug|Any CPU = Debug|Any CPU
		Release|Any CPU = Release|Any CPU
	EndGlobalSection
	GlobalSection(ProjectConfigurationPlatforms) = postSolution
		{C96F9FDA-E756-441B-8D95-EF407813A9F8}.Debug|Any CPU.ActiveCfg = Debug|Any CPU
		{C96F9FDA-E756-441B-8D95-EF407813A9F8}.Debug|Any CPU.Build.0 = Debug|Any CPU
		{C96F9FDA-E756-441B-8D95-EF407813A9F8}.Release|Any CPU.ActiveCfg = Release|Any CPU
		{C96F9FDA-E756-441B-8D95-EF407813A9F8}.Release|Any CPU.Build.0 = Release|Any CPU
		{1724135E-7134-4218-8440-E2FA4AA57C92}.Debug|Any CPU.ActiveCfg = Debug|Any CPU
		{1724135E-7134-4218-8440-E2FA4AA57C92}.Debug|Any CPU.Build.0 = Debug|Any CPU
		{1724135E-7134-4218-8440-E2FA4AA57C92}.Release|Any CPU.ActiveCfg = Release|Any CPU
		{1724135E-7134-4218-8440-E2FA4AA57C92}.Release|Any CPU.Build.0 = Release|Any CPU
		{C2655024-4C8D-4DDB-8BFA-62E1B6A061A4}.Debug|Any CPU.ActiveCfg = Debug|Any CPU
		{C2655024-4C8D-4DDB-8BFA-62E1B6A061A4}.Debug|Any CPU.Build.0 = Debug|Any CPU
		{C2655024-4C8D-4DDB-8BFA-62E1B6A061A4}.Release|Any CPU.ActiveCfg = Release|Any CPU
		{C2655024-4C8D-4DDB-8BFA-62E1B6A061A4}.Release|Any CPU.Build.0 = Release|Any CPU
		{F9428744-30EB-4BAA-BA6E-F0DAD8B12DC5}.Debug|Any CPU.ActiveCfg = Debug|Any CPU
		{F9428744-30EB-4BAA-BA6E-F0DAD8B12DC5}.Debug|Any CPU.Build.0 = Debug|Any CPU
		{F9428744-30EB-4BAA-BA6E-F0DAD8B12DC5}.Release|Any CPU.ActiveCfg = Release|Any CPU
		{F9428744-30EB-4BAA-BA6E-F0DAD8B12DC5}.Release|Any CPU.Build.0 = Release|Any CPU
	EndGlobalSection
	GlobalSection(SolutionProperties) = preSolution
		HideSolutionNode = FALSE
	EndGlobalSection
	GlobalSection(NestedProjects) = preSolution
		{C2655024-4C8D-4DDB-8BFA-62E1B6A061A4} = {2829C951-B6B8-4847-A29F-BF20CA36E44B}
		{F9428744-30EB-4BAA-BA6E-F0DAD8B12DC5} = {2829C951-B6B8-4847-A29F-BF20CA36E44B}
	EndGlobalSection
EndGlobal
